{
  "nodes": {
    "flake-utils": {
      "locked": {
        "lastModified": 1667395993,
        "narHash": "sha256-nuEHfE/LcWyuSWnS8t12N1wc105Qtau+/OdUAjtQ0rA=",
        "owner": "numtide",
        "repo": "flake-utils",
        "rev": "5aed5285a952e0b949eb3ba02c12fa4fcfef535f",
        "type": "github"
      },
      "original": {
        "owner": "numtide",
        "repo": "flake-utils",
        "type": "github"
      }
    },
    "flake-utils_2": {
      "locked": {
        "lastModified": 1667395993,
        "narHash": "sha256-nuEHfE/LcWyuSWnS8t12N1wc105Qtau+/OdUAjtQ0rA=",
        "owner": "numtide",
        "repo": "flake-utils",
        "rev": "5aed5285a952e0b949eb3ba02c12fa4fcfef535f",
        "type": "github"
      },
      "original": {
        "owner": "numtide",
        "repo": "flake-utils",
        "type": "github"
      }
    },
    "nixpkgs": {
      "locked": {
        "lastModified": 1673723889,
        "narHash": "sha256-1FMv0H8a/Oa8d+o7dMioF/H7Fy6zsNG37ShzDoQPiNA=",
        "owner": "nixos",
        "repo": "nixpkgs",
        "rev": "22770e23819ff00166d90a2ff1907f528a262adb",
        "type": "github"
      },
      "original": {
        "owner": "nixos",
        "repo": "nixpkgs",
        "type": "github"
      }
    },
    "nixpkgs_2": {
      "locked": {
        "lastModified": 1672859443,
        "narHash": "sha256-JaXcuIDElCpOdKq2aeJWAPDJiIU+8lmiEwx9iBh5I+U=",
        "owner": "nixos",
        "repo": "nixpkgs",
        "rev": "df1d5f1dce79ee3e12de7cc00e79df7bab2921ee",
        "type": "github"
      },
      "original": {
        "owner": "nixos",
        "repo": "nixpkgs",
        "type": "github"
      }
    },
    "root": {
      "inputs": {
        "flake-utils": "flake-utils",
        "nixpkgs": "nixpkgs",
        "swish": "swish"
      }
    },
    "swish": {
      "inputs": {
        "flake-utils": "flake-utils_2",
        "nixpkgs": "nixpkgs_2"
      },
      "locked": {
        "lastModified": 1673724273,
        "narHash": "sha256-lFm7PA8us8XyHTFfOx1D5+26QKXcNfkRNZAMDs3x188=",
        "owner": "bbenne10",
        "repo": "swish",
        "rev": "780e08037864e7edb986ba4535edbaafc3197bd3",
        "type": "github"
      },
      "original": {
        "owner": "bbenne10",
        "repo": "swish",
        "type": "github"
      }
    }
  },
  "root": "root",
  "version": 7
}
