{
  "nodes": {
    "flake-utils": {
      "locked": {
        "lastModified": 1667395993,
        "narHash": "sha256-nuEHfE/LcWyuSWnS8t12N1wc105Qtau+/OdUAjtQ0rA=",
        "owner": "numtide",
        "repo": "flake-utils",
        "rev": "5aed5285a952e0b949eb3ba02c12fa4fcfef535f",
        "type": "github"
      },
      "original": {
        "owner": "numtide",
        "repo": "flake-utils",
        "type": "github"
      }
    },
    "flake-utils_2": {
      "locked": {
        "lastModified": 1667395993,
        "narHash": "sha256-nuEHfE/LcWyuSWnS8t12N1wc105Qtau+/OdUAjtQ0rA=",
        "owner": "numtide",
        "repo": "flake-utils",
        "rev": "5aed5285a952e0b949eb3ba02c12fa4fcfef535f",
        "type": "github"
      },
      "original": {
        "owner": "numtide",
        "repo": "flake-utils",
        "type": "github"
      }
    },
    "nixpkgs": {
      "locked": {
        "lastModified": 1672921058,
        "narHash": "sha256-VGPovWqsNtr8vVNPBsPxDmWvubOWdsw2QVmlFqFIf80=",
        "owner": "nixos",
        "repo": "nixpkgs",
        "rev": "af0b453724a59bc8fa90fa1dfad30896cc3df529",
        "type": "github"
      },
      "original": {
        "owner": "nixos",
        "repo": "nixpkgs",
        "type": "github"
      }
    },
    "nixpkgs_2": {
      "locked": {
        "lastModified": 1672859443,
        "narHash": "sha256-JaXcuIDElCpOdKq2aeJWAPDJiIU+8lmiEwx9iBh5I+U=",
        "owner": "nixos",
        "repo": "nixpkgs",
        "rev": "df1d5f1dce79ee3e12de7cc00e79df7bab2921ee",
        "type": "github"
      },
      "original": {
        "owner": "nixos",
        "repo": "nixpkgs",
        "type": "github"
      }
    },
    "root": {
      "inputs": {
        "flake-utils": "flake-utils",
        "nixpkgs": "nixpkgs",
        "swish": "swish"
      }
    },
    "swish": {
      "inputs": {
        "flake-utils": "flake-utils_2",
        "nixpkgs": "nixpkgs_2"
      },
      "locked": {
        "lastModified": 1673098156,
        "narHash": "sha256-WOsurc6c7i50ELdqad1xjMF14PmSPYWJQoy2C1xCgUw=",
        "owner": "bbenne10",
        "repo": "swish",
        "rev": "79e3b72df872e774c29887e8472ca845aab67daf",
        "type": "github"
      },
      "original": {
        "owner": "bbenne10",
        "ref": "flake",
        "repo": "swish",
        "type": "github"
      }
    }
  },
  "root": "root",
  "version": 7
}
